
Microsoft Visual Studio Solution File, Format Version 12.00
# Visual Studio Version 16
VisualStudioVersion = 16.0.31019.35
MinimumVisualStudioVersion = 10.0.40219.1
Project("{FAE04EC0-301F-11D3-BF4B-00C04F79EFBC}") = "Console", "ReCapProject\Console.csproj", "{9F20C211-D429-4D16-A73D-58BD7AED78BC}"
EndProject
Project("{FAE04EC0-301F-11D3-BF4B-00C04F79EFBC}") = "DataAccess", "DataAccess\DataAccess.csproj", "{19EC4433-31FD-4E46-8BFD-2412BFFC6DC0}"
EndProject
Project("{FAE04EC0-301F-11D3-BF4B-00C04F79EFBC}") = "Business", "Business\Business.csproj", "{38D6112F-845B-4AFC-B931-BEE0B67EB577}"
EndProject
Project("{FAE04EC0-301F-11D3-BF4B-00C04F79EFBC}") = "Entities", "Entities\Entities.csproj", "{BF5D7658-7A8C-48C2-8935-56FD85EB90C2}"
EndProject
Global
	GlobalSection(SolutionConfigurationPlatforms) = preSolution
		Debug|Any CPU = Debug|Any CPU
		Release|Any CPU = Release|Any CPU
	EndGlobalSection
	GlobalSection(ProjectConfigurationPlatforms) = postSolution
		{9F20C211-D429-4D16-A73D-58BD7AED78BC}.Debug|Any CPU.ActiveCfg = Debug|Any CPU
		{9F20C211-D429-4D16-A73D-58BD7AED78BC}.Debug|Any CPU.Build.0 = Debug|Any CPU
		{9F20C211-D429-4D16-A73D-58BD7AED78BC}.Release|Any CPU.ActiveCfg = Release|Any CPU
		{9F20C211-D429-4D16-A73D-58BD7AED78BC}.Release|Any CPU.Build.0 = Release|Any CPU
		{19EC4433-31FD-4E46-8BFD-2412BFFC6DC0}.Debug|Any CPU.ActiveCfg = Debug|Any CPU
		{19EC4433-31FD-4E46-8BFD-2412BFFC6DC0}.Debug|Any CPU.Build.0 = Debug|Any CPU
		{19EC4433-31FD-4E46-8BFD-2412BFFC6DC0}.Release|Any CPU.ActiveCfg = Release|Any CPU
		{19EC4433-31FD-4E46-8BFD-2412BFFC6DC0}.Release|Any CPU.Build.0 = Release|Any CPU
		{38D6112F-845B-4AFC-B931-BEE0B67EB577}.Debug|Any CPU.ActiveCfg = Debug|Any CPU
		{38D6112F-845B-4AFC-B931-BEE0B67EB577}.Debug|Any CPU.Build.0 = Debug|Any CPU
		{38D6112F-845B-4AFC-B931-BEE0B67EB577}.Release|Any CPU.ActiveCfg = Release|Any CPU
		{38D6112F-845B-4AFC-B931-BEE0B67EB577}.Release|Any CPU.Build.0 = Release|Any CPU
		{BF5D7658-7A8C-48C2-8935-56FD85EB90C2}.Debug|Any CPU.ActiveCfg = Debug|Any CPU
		{BF5D7658-7A8C-48C2-8935-56FD85EB90C2}.Debug|Any CPU.Build.0 = Debug|Any CPU
		{BF5D7658-7A8C-48C2-8935-56FD85EB90C2}.Release|Any CPU.ActiveCfg = Release|Any CPU
		{BF5D7658-7A8C-48C2-8935-56FD85EB90C2}.Release|Any CPU.Build.0 = Release|Any CPU
	EndGlobalSection
	GlobalSection(SolutionProperties) = preSolution
		HideSolutionNode = FALSE
	EndGlobalSection
	GlobalSection(ExtensibilityGlobals) = postSolution
		SolutionGuid = {5FC64F9B-0231-443D-B877-DF76C0ACEA43}
	EndGlobalSection
EndGlobal
